
Microsoft Visual Studio Solution File, Format Version 12.00
# Visual Studio Version 17
VisualStudioVersion = 17.2.32519.379
MinimumVisualStudioVersion = 10.0.40219.1
Project("{FAE04EC0-301F-11D3-BF4B-00C04F79EFBC}") = "Sample_TDD.Core.Test", "Sample_TDD.Core.Test\Sample_TDD.Core.Test.csproj", "{20B0D930-4B21-4BB4-81EF-D43DCEA14FBF}"
EndProject
Project("{FAE04EC0-301F-11D3-BF4B-00C04F79EFBC}") = "Sample_TDD.Core", "Sample_TDD.Core\Sample_TDD.Core.csproj", "{FBFD5ED7-3433-4ECD-B1D3-C2AEC350834F}"
EndProject
Global
	GlobalSection(SolutionConfigurationPlatforms) = preSolution
		Debug|Any CPU = Debug|Any CPU
		Release|Any CPU = Release|Any CPU
	EndGlobalSection
	GlobalSection(ProjectConfigurationPlatforms) = postSolution
		{20B0D930-4B21-4BB4-81EF-D43DCEA14FBF}.Debug|Any CPU.ActiveCfg = Debug|Any CPU
		{20B0D930-4B21-4BB4-81EF-D43DCEA14FBF}.Debug|Any CPU.Build.0 = Debug|Any CPU
		{20B0D930-4B21-4BB4-81EF-D43DCEA14FBF}.Release|Any CPU.ActiveCfg = Release|Any CPU
		{20B0D930-4B21-4BB4-81EF-D43DCEA14FBF}.Release|Any CPU.Build.0 = Release|Any CPU
		{FBFD5ED7-3433-4ECD-B1D3-C2AEC350834F}.Debug|Any CPU.ActiveCfg = Debug|Any CPU
		{FBFD5ED7-3433-4ECD-B1D3-C2AEC350834F}.Debug|Any CPU.Build.0 = Debug|Any CPU
		{FBFD5ED7-3433-4ECD-B1D3-C2AEC350834F}.Release|Any CPU.ActiveCfg = Release|Any CPU
		{FBFD5ED7-3433-4ECD-B1D3-C2AEC350834F}.Release|Any CPU.Build.0 = Release|Any CPU
	EndGlobalSection
	GlobalSection(SolutionProperties) = preSolution
		HideSolutionNode = FALSE
	EndGlobalSection
	GlobalSection(ExtensibilityGlobals) = postSolution
		SolutionGuid = {F463CF2B-5E61-45CE-AED5-5B0E4DF0E0F7}
	EndGlobalSection
EndGlobal
